
Microsoft Visual Studio Solution File, Format Version 12.00
# Visual Studio Version 16
VisualStudioVersion = 16.0.30907.101
MinimumVisualStudioVersion = 10.0.40219.1
Project("{FAE04EC0-301F-11D3-BF4B-00C04F79EFBC}") = "APP2000", "APP2000.csproj", "{30BAC1B1-C221-4657-A5F9-199A0145C65F}"
EndProject
Global
	GlobalSection(SolutionConfigurationPlatforms) = preSolution
		Debug|Any CPU = Debug|Any CPU
		Release|Any CPU = Release|Any CPU
	EndGlobalSection
	GlobalSection(ProjectConfigurationPlatforms) = postSolution
		{30BAC1B1-C221-4657-A5F9-199A0145C65F}.Debug|Any CPU.ActiveCfg = Debug|Any CPU
		{30BAC1B1-C221-4657-A5F9-199A0145C65F}.Debug|Any CPU.Build.0 = Debug|Any CPU
		{30BAC1B1-C221-4657-A5F9-199A0145C65F}.Release|Any CPU.ActiveCfg = Release|Any CPU
		{30BAC1B1-C221-4657-A5F9-199A0145C65F}.Release|Any CPU.Build.0 = Release|Any CPU
	EndGlobalSection
	GlobalSection(SolutionProperties) = preSolution
		HideSolutionNode = FALSE
	EndGlobalSection
	GlobalSection(ExtensibilityGlobals) = postSolution
		SolutionGuid = {FA8BCEED-9F7E-4EF9-8291-398F432C2DB8}
	EndGlobalSection
EndGlobal
